github.com/gotk3/gotk3 v0.4.0 h1:TIuhyQitGeRTxOQIV3AJlYtEWWJpC74JHwAIsxlH8MU=
github.com/gotk3/gotk3 v0.4.0/go.mod h1:Eew3QBwAOBTrfFFDmsDE5wZWbcagBL1NUslj1GhRveo=
github.com/jteeuwen/go-bindata v3.0.7+incompatible h1:91Uy4d9SYVr1kyTJ15wJsog+esAZZl7JmEfTkwmhJts=
github.com/jteeuwen/go-bindata v3.0.7+incompatible/go.mod h1:JVvhzYOiGBnFSYRyV00iY8q7/0PThjIYav1p9h5dmKs=
gocv.io/x/gocv v0.23.0 h1:3Fgbt06/uR8Zf9emWndhjbUjdrw+nto69R/b4noFydY=
gocv.io/x/gocv v0.23.0/go.mod h1:Rar2PS6DV+T4FL+PM535EImD/h13hGVaHhnCu1xarBs=
